{
  "version": 4,
  "terraform_version": "1.1.0",
  "serial": 16,
  "lineage": "26dbc8c9-03df-883d-2e13-89e3bf83ea20",
  "outputs": {},
  "resources": [
    {
      "mode": "managed",
      "type": "azurerm_network_interface",
      "name": "vnic",
      "provider": "provider[\"registry.terraform.io/hashicorp/azurerm\"]",
      "instances": [
        {
          "schema_version": 0,
          "attributes": {
            "applied_dns_servers": [],
            "dns_servers": [],
            "enable_accelerated_networking": false,
            "enable_ip_forwarding": false,
            "id": "/subscriptions/a712daa0-b387-4870-a11d-bb6cc1f310ab/resourceGroups/rg-terraform-vm/providers/Microsoft.Network/networkInterfaces/vnic-terraform-vm",
            "internal_dns_name_label": "",
            "internal_domain_name_suffix": "yppjemmovkiubczqbe4mruiqia.ax.internal.cloudapp.net",
            "ip_configuration": [
              {
                "gateway_load_balancer_frontend_ip_configuration_id": "",
                "name": "internal",
                "primary": true,
                "private_ip_address": "172.16.10.10",
                "private_ip_address_allocation": "Static",
                "private_ip_address_version": "IPv4",
                "public_ip_address_id": "",
                "subnet_id": "/subscriptions/a712daa0-b387-4870-a11d-bb6cc1f310ab/resourceGroups/rg-terraform-vm/providers/Microsoft.Network/virtualNetworks/vnet-terraform-vm/subnets/snet-terraform-vm-10"
              }
            ],
            "location": "westeurope",
            "mac_address": "",
            "name": "vnic-terraform-vm",
            "private_ip_address": "172.16.10.10",
            "private_ip_addresses": [
              "172.16.10.10"
            ],
            "resource_group_name": "rg-terraform-vm",
            "tags": {
              "environment": "development",
              "type": "Network"
            },
            "timeouts": null,
            "virtual_machine_id": ""
          },
          "sensitive_attributes": [],
          "private": "eyJlMmJmYjczMC1lY2FhLTExZTYtOGY4OC0zNDM2M2JjN2M0YzAiOnsiY3JlYXRlIjoxODAwMDAwMDAwMDAwLCJkZWxldGUiOjE4MDAwMDAwMDAwMDAsInJlYWQiOjMwMDAwMDAwMDAwMCwidXBkYXRlIjoxODAwMDAwMDAwMDAwfX0=",
          "dependencies": [
            "azurerm_resource_group.rg",
            "azurerm_subnet.snet",
            "azurerm_virtual_network.vnet"
          ]
        }
      ]
    },
    {
      "mode": "managed",
      "type": "azurerm_resource_group",
      "name": "rg",
      "provider": "provider[\"registry.terraform.io/hashicorp/azurerm\"]",
      "instances": [
        {
          "schema_version": 0,
          "attributes": {
            "id": "/subscriptions/a712daa0-b387-4870-a11d-bb6cc1f310ab/resourceGroups/rg-terraform-vm",
            "location": "westeurope",
            "name": "rg-terraform-vm",
            "tags": {},
            "timeouts": null
          },
          "sensitive_attributes": [],
          "private": "eyJlMmJmYjczMC1lY2FhLTExZTYtOGY4OC0zNDM2M2JjN2M0YzAiOnsiY3JlYXRlIjo1NDAwMDAwMDAwMDAwLCJkZWxldGUiOjU0MDAwMDAwMDAwMDAsInJlYWQiOjMwMDAwMDAwMDAwMCwidXBkYXRlIjo1NDAwMDAwMDAwMDAwfX0="
        }
      ]
    },
    {
      "mode": "managed",
      "type": "azurerm_storage_account",
      "name": "stg",
      "provider": "provider[\"registry.terraform.io/hashicorp/azurerm\"]",
      "instances": [
        {
          "schema_version": 2,
          "attributes": {
            "access_tier": "Hot",
            "account_kind": "StorageV2",
            "account_replication_type": "GRS",
            "account_tier": "Standard",
            "allow_blob_public_access": false,
            "azure_files_authentication": [],
            "blob_properties": [
              {
                "change_feed_enabled": false,
                "container_delete_retention_policy": [],
                "cors_rule": [],
                "default_service_version": "",
                "delete_retention_policy": [],
                "last_access_time_enabled": false,
                "versioning_enabled": false
              }
            ],
            "custom_domain": [],
            "enable_https_traffic_only": true,
            "id": "/subscriptions/a712daa0-b387-4870-a11d-bb6cc1f310ab/resourceGroups/rg-terraform-vm/providers/Microsoft.Storage/storageAccounts/stterraformvm04012022",
            "identity": [],
            "is_hns_enabled": false,
            "large_file_share_enabled": null,
            "location": "westeurope",
            "min_tls_version": "TLS1_0",
            "name": "stterraformvm04012022",
            "network_rules": [
              {
                "bypass": [
                  "AzureServices"
                ],
                "default_action": "Allow",
                "ip_rules": [],
                "private_link_access": [],
                "virtual_network_subnet_ids": []
              }
            ],
            "nfsv3_enabled": false,
            "primary_access_key": "vcAA9ewDkeHYLv8bEEpFAnXqlIxcQKjIQVuXSzCQWhnDErG06idU1+6ShuNaj0B3Idd+Bv/amskSSPaqW/sH4A==",
            "primary_blob_connection_string": "DefaultEndpointsProtocol=https;BlobEndpoint=https://stterraformvm04012022.blob.core.windows.net/;AccountName=stterraformvm04012022;AccountKey=vcAA9ewDkeHYLv8bEEpFAnXqlIxcQKjIQVuXSzCQWhnDErG06idU1+6ShuNaj0B3Idd+Bv/amskSSPaqW/sH4A==",
            "primary_blob_endpoint": "https://stterraformvm04012022.blob.core.windows.net/",
            "primary_blob_host": "stterraformvm04012022.blob.core.windows.net",
            "primary_connection_string": "DefaultEndpointsProtocol=https;AccountName=stterraformvm04012022;AccountKey=vcAA9ewDkeHYLv8bEEpFAnXqlIxcQKjIQVuXSzCQWhnDErG06idU1+6ShuNaj0B3Idd+Bv/amskSSPaqW/sH4A==;EndpointSuffix=core.windows.net",
            "primary_dfs_endpoint": "https://stterraformvm04012022.dfs.core.windows.net/",
            "primary_dfs_host": "stterraformvm04012022.dfs.core.windows.net",
            "primary_file_endpoint": "https://stterraformvm04012022.file.core.windows.net/",
            "primary_file_host": "stterraformvm04012022.file.core.windows.net",
            "primary_location": "westeurope",
            "primary_queue_endpoint": "https://stterraformvm04012022.queue.core.windows.net/",
            "primary_queue_host": "stterraformvm04012022.queue.core.windows.net",
            "primary_table_endpoint": "https://stterraformvm04012022.table.core.windows.net/",
            "primary_table_host": "stterraformvm04012022.table.core.windows.net",
            "primary_web_endpoint": "https://stterraformvm04012022.z6.web.core.windows.net/",
            "primary_web_host": "stterraformvm04012022.z6.web.core.windows.net",
            "queue_encryption_key_type": "Service",
            "queue_properties": [
              {
                "cors_rule": [],
                "hour_metrics": [
                  {
                    "enabled": true,
                    "include_apis": true,
                    "retention_policy_days": 7,
                    "version": "1.0"
                  }
                ],
                "logging": [
                  {
                    "delete": false,
                    "read": false,
                    "retention_policy_days": 0,
                    "version": "1.0",
                    "write": false
                  }
                ],
                "minute_metrics": [
                  {
                    "enabled": false,
                    "include_apis": false,
                    "retention_policy_days": 0,
                    "version": "1.0"
                  }
                ]
              }
            ],
            "resource_group_name": "rg-terraform-vm",
            "routing": [],
            "secondary_access_key": "qfHRKE1bRz3uaw+ScBqa3zvptES7M7KySQKvxGde9MBYOtC09aHtGs9kTHXNVCuav7MI0cqlRQp9cUtSxqIHBA==",
            "secondary_blob_connection_string": "",
            "secondary_blob_endpoint": null,
            "secondary_blob_host": null,
            "secondary_connection_string": "DefaultEndpointsProtocol=https;AccountName=stterraformvm04012022;AccountKey=qfHRKE1bRz3uaw+ScBqa3zvptES7M7KySQKvxGde9MBYOtC09aHtGs9kTHXNVCuav7MI0cqlRQp9cUtSxqIHBA==;EndpointSuffix=core.windows.net",
            "secondary_dfs_endpoint": null,
            "secondary_dfs_host": null,
            "secondary_file_endpoint": null,
            "secondary_file_host": null,
            "secondary_location": "northeurope",
            "secondary_queue_endpoint": null,
            "secondary_queue_host": null,
            "secondary_table_endpoint": null,
            "secondary_table_host": null,
            "secondary_web_endpoint": null,
            "secondary_web_host": null,
            "share_properties": [
              {
                "cors_rule": [],
                "retention_policy": [
                  {
                    "days": 7
                  }
                ],
                "smb": []
              }
            ],
            "shared_access_key_enabled": true,
            "static_website": [],
            "table_encryption_key_type": "Service",
            "tags": {
              "environment": "development",
              "type": "Storage"
            },
            "timeouts": null
          },
          "sensitive_attributes": [],
          "private": "eyJlMmJmYjczMC1lY2FhLTExZTYtOGY4OC0zNDM2M2JjN2M0YzAiOnsiY3JlYXRlIjozNjAwMDAwMDAwMDAwLCJkZWxldGUiOjM2MDAwMDAwMDAwMDAsInJlYWQiOjMwMDAwMDAwMDAwMCwidXBkYXRlIjozNjAwMDAwMDAwMDAwfSwic2NoZW1hX3ZlcnNpb24iOiIyIn0=",
          "dependencies": [
            "azurerm_resource_group.rg"
          ]
        }
      ]
    },
    {
      "mode": "managed",
      "type": "azurerm_subnet",
      "name": "snet",
      "provider": "provider[\"registry.terraform.io/hashicorp/azurerm\"]",
      "instances": [
        {
          "schema_version": 0,
          "attributes": {
            "address_prefix": "172.16.10.0/24",
            "address_prefixes": [
              "172.16.10.0/24"
            ],
            "delegation": [],
            "enforce_private_link_endpoint_network_policies": false,
            "enforce_private_link_service_network_policies": false,
            "id": "/subscriptions/a712daa0-b387-4870-a11d-bb6cc1f310ab/resourceGroups/rg-terraform-vm/providers/Microsoft.Network/virtualNetworks/vnet-terraform-vm/subnets/snet-terraform-vm-10",
            "name": "snet-terraform-vm-10",
            "resource_group_name": "rg-terraform-vm",
            "service_endpoint_policy_ids": [],
            "service_endpoints": [],
            "timeouts": null,
            "virtual_network_name": "vnet-terraform-vm"
          },
          "sensitive_attributes": [],
          "private": "eyJlMmJmYjczMC1lY2FhLTExZTYtOGY4OC0zNDM2M2JjN2M0YzAiOnsiY3JlYXRlIjoxODAwMDAwMDAwMDAwLCJkZWxldGUiOjE4MDAwMDAwMDAwMDAsInJlYWQiOjMwMDAwMDAwMDAwMCwidXBkYXRlIjoxODAwMDAwMDAwMDAwfX0=",
          "dependencies": [
            "azurerm_resource_group.rg",
            "azurerm_virtual_network.vnet"
          ]
        }
      ]
    },
    {
      "mode": "managed",
      "type": "azurerm_virtual_network",
      "name": "vnet",
      "provider": "provider[\"registry.terraform.io/hashicorp/azurerm\"]",
      "instances": [
        {
          "schema_version": 0,
          "attributes": {
            "address_space": [
              "172.16.0.0/16"
            ],
            "bgp_community": "",
            "ddos_protection_plan": [],
            "dns_servers": [],
            "flow_timeout_in_minutes": 0,
            "guid": "3192dec3-aa8e-4091-8b30-093cc8d11040",
            "id": "/subscriptions/a712daa0-b387-4870-a11d-bb6cc1f310ab/resourceGroups/rg-terraform-vm/providers/Microsoft.Network/virtualNetworks/vnet-terraform-vm",
            "location": "westeurope",
            "name": "vnet-terraform-vm",
            "resource_group_name": "rg-terraform-vm",
            "subnet": [
              {
                "address_prefix": "172.16.10.0/24",
                "id": "/subscriptions/a712daa0-b387-4870-a11d-bb6cc1f310ab/resourceGroups/rg-terraform-vm/providers/Microsoft.Network/virtualNetworks/vnet-terraform-vm/subnets/snet-terraform-vm-10",
                "name": "snet-terraform-vm-10",
                "security_group": ""
              }
            ],
            "tags": {
              "environment": "development",
              "type": "Network"
            },
            "timeouts": null,
            "vm_protection_enabled": false
          },
          "sensitive_attributes": [],
          "private": "eyJlMmJmYjczMC1lY2FhLTExZTYtOGY4OC0zNDM2M2JjN2M0YzAiOnsiY3JlYXRlIjoxODAwMDAwMDAwMDAwLCJkZWxldGUiOjE4MDAwMDAwMDAwMDAsInJlYWQiOjMwMDAwMDAwMDAwMCwidXBkYXRlIjoxODAwMDAwMDAwMDAwfX0=",
          "dependencies": [
            "azurerm_resource_group.rg"
          ]
        }
      ]
    },
    {
      "mode": "managed",
      "type": "azurerm_windows_virtual_machine",
      "name": "vm",
      "provider": "provider[\"registry.terraform.io/hashicorp/azurerm\"]",
      "instances": [
        {
          "schema_version": 0,
          "attributes": {
            "additional_capabilities": [],
            "additional_unattend_content": [],
            "admin_password": "P@$$w0rd1234!",
            "admin_username": "adminuser",
            "allow_extension_operations": true,
            "availability_set_id": "",
            "boot_diagnostics": [],
            "computer_name": "vm-terraform-vm",
            "custom_data": null,
            "dedicated_host_id": "",
            "enable_automatic_updates": true,
            "encryption_at_host_enabled": false,
            "eviction_policy": "",
            "extensions_time_budget": "PT1H30M",
            "id": "/subscriptions/a712daa0-b387-4870-a11d-bb6cc1f310ab/resourceGroups/rg-terraform-vm/providers/Microsoft.Compute/virtualMachines/vm-terraform-vm",
            "identity": [],
            "license_type": "",
            "location": "westeurope",
            "max_bid_price": -1,
            "name": "vm-terraform-vm",
            "network_interface_ids": [
              "/subscriptions/a712daa0-b387-4870-a11d-bb6cc1f310ab/resourceGroups/rg-terraform-vm/providers/Microsoft.Network/networkInterfaces/vnic-terraform-vm"
            ],
            "os_disk": [
              {
                "caching": "ReadWrite",
                "diff_disk_settings": [],
                "disk_encryption_set_id": "",
                "disk_size_gb": 512,
                "name": "osDisk",
                "storage_account_type": "Premium_LRS",
                "write_accelerator_enabled": false
              }
            ],
            "patch_mode": "AutomaticByOS",
            "plan": [],
            "platform_fault_domain": -1,
            "priority": "Regular",
            "private_ip_address": "172.16.10.10",
            "private_ip_addresses": [
              "172.16.10.10"
            ],
            "provision_vm_agent": true,
            "proximity_placement_group_id": "",
            "public_ip_address": "",
            "public_ip_addresses": [],
            "resource_group_name": "rg-terraform-vm",
            "secret": [],
            "secure_boot_enabled": false,
            "size": "Standard_B2ms",
            "source_image_id": "",
            "source_image_reference": [
              {
                "offer": "WindowsServer",
                "publisher": "MicrosoftWindowsServer",
                "sku": "2022-Datacenter",
                "version": "latest"
              }
            ],
            "tags": null,
            "timeouts": null,
            "timezone": "",
            "virtual_machine_id": "3d6448ba-eddf-444e-9f2a-782bba447ae0",
            "virtual_machine_scale_set_id": "",
            "vtpm_enabled": false,
            "winrm_listener": [],
            "zone": ""
          },
          "sensitive_attributes": [],
          "private": "eyJlMmJmYjczMC1lY2FhLTExZTYtOGY4OC0zNDM2M2JjN2M0YzAiOnsiY3JlYXRlIjoyNzAwMDAwMDAwMDAwLCJkZWxldGUiOjI3MDAwMDAwMDAwMDAsInJlYWQiOjMwMDAwMDAwMDAwMCwidXBkYXRlIjoyNzAwMDAwMDAwMDAwfX0=",
          "dependencies": [
            "azurerm_network_interface.vnic",
            "azurerm_resource_group.rg"
          ]
        }
      ]
    }
  ]
}
